
Microsoft Visual Studio Solution File, Format Version 12.00
# Visual Studio Version 16
VisualStudioVersion = 16.0.30611.23
MinimumVisualStudioVersion = 10.0.40219.1
Project("{9A19103F-16F7-4668-BE54-9A1E7A4F7556}") = "InvatuBinanceBot", "InvatuBinanceBot\InvatuBinanceBot.csproj", "{CED7F998-8887-49DC-8188-CB8D9B9A460E}"
EndProject
Project("{FAE04EC0-301F-11D3-BF4B-00C04F79EFBC}") = "CronJob", "CronJob\CronJob.csproj", "{03EC51D4-DED2-418C-B976-44A6AB08A695}"
EndProject
Global
	GlobalSection(SolutionConfigurationPlatforms) = preSolution
		Debug|Any CPU = Debug|Any CPU
		Release|Any CPU = Release|Any CPU
	EndGlobalSection
	GlobalSection(ProjectConfigurationPlatforms) = postSolution
		{CED7F998-8887-49DC-8188-CB8D9B9A460E}.Debug|Any CPU.ActiveCfg = Debug|Any CPU
		{CED7F998-8887-49DC-8188-CB8D9B9A460E}.Debug|Any CPU.Build.0 = Debug|Any CPU
		{CED7F998-8887-49DC-8188-CB8D9B9A460E}.Release|Any CPU.ActiveCfg = Release|Any CPU
		{CED7F998-8887-49DC-8188-CB8D9B9A460E}.Release|Any CPU.Build.0 = Release|Any CPU
		{03EC51D4-DED2-418C-B976-44A6AB08A695}.Debug|Any CPU.ActiveCfg = Debug|Any CPU
		{03EC51D4-DED2-418C-B976-44A6AB08A695}.Debug|Any CPU.Build.0 = Debug|Any CPU
		{03EC51D4-DED2-418C-B976-44A6AB08A695}.Release|Any CPU.ActiveCfg = Release|Any CPU
		{03EC51D4-DED2-418C-B976-44A6AB08A695}.Release|Any CPU.Build.0 = Release|Any CPU
	EndGlobalSection
	GlobalSection(SolutionProperties) = preSolution
		HideSolutionNode = FALSE
	EndGlobalSection
	GlobalSection(ExtensibilityGlobals) = postSolution
		SolutionGuid = {03385518-9B19-4477-8766-286F04814176}
	EndGlobalSection
EndGlobal
